<Solution>
  <Folder Name="/Solution Items/">
    <File Path="compose.yaml" />
  </Folder>
  <Folder Name="/Tests/" />
  <Project Path="src/MTG.InventoryManager.Application/MTG.InventoryManager.Application.csproj" />
  <Project Path="src/MTG.InventoryManager.Domain/MTG.InventoryManager.Domain.csproj" />
  <Project Path="src/MTG.InventoryManager.Infrastructure.Persistence/MTG.InventoryManager.Infrastructure.Persistence.csproj" />
  <Project Path="src/MTG.InventoryManager.Presentation.WebApi/MTG.InventoryManager.Presentation.WebApi.csproj" />
</Solution>
